// !$*UTF8*$!
{
	archiveVersion = 1;
	classes = {
	};
	objectVersion = 46;
	objects = {

/* Begin PBXBuildFile section */
		384DE9A61A36CEDF00767A22 /* AppDelegate.m in Sources */ = {isa = PBXBuildFile; fileRef = 384DE9A51A36CEDF00767A22 /* AppDelegate.m */; };
		384DE9A81A36CEDF00767A22 /* main.m in Sources */ = {isa = PBXBuildFile; fileRef = 384DE9A71A36CEDF00767A22 /* main.m */; };
		384DE9AA1A36CEDF00767A22 /* Images.xcassets in Resources */ = {isa = PBXBuildFile; fileRef = 384DE9A91A36CEDF00767A22 /* Images.xcassets */; };
		384DE9AD1A36CEDF00767A22 /* MainMenu.xib in Resources */ = {isa = PBXBuildFile; fileRef = 384DE9AB1A36CEDF00767A22 /* MainMenu.xib */; };
		384DE9B91A36CEDF00767A22 /* ProtoXRemoteTests.m in Sources */ = {isa = PBXBuildFile; fileRef = 384DE9B81A36CEDF00767A22 /* ProtoXRemoteTests.m */; };
		384DE9C41A36CF0000767A22 /* DBCConnection.m in Sources */ = {isa = PBXBuildFile; fileRef = 384DE9C31A36CF0000767A22 /* DBCConnection.m */; };
		384DE9C71A36CF0A00767A22 /* DBCMouseView.m in Sources */ = {isa = PBXBuildFile; fileRef = 384DE9C61A36CF0A00767A22 /* DBCMouseView.m */; };
/* End PBXBuildFile section */

/* Begin PBXContainerItemProxy section */
		384DE9B31A36CEDF00767A22 /* PBXContainerItemProxy */ = {
			isa = PBXContainerItemProxy;
			containerPortal = 384DE9971A36CEDE00767A22 /* Project object */;
			proxyType = 1;
			remoteGlobalIDString = 384DE99E1A36CEDE00767A22;
			remoteInfo = ProtoXRemote;
		};
/* End PBXContainerItemProxy section */

/* Begin PBXFileReference section */
		384DE99F1A36CEDE00767A22 /* ProtoXRemote.app */ = {isa = PBXFileReference; explicitFileType = wrapper.application; includeInIndex = 0; path = ProtoXRemote.app; sourceTree = BUILT_PRODUCTS_DIR; };
		384DE9A31A36CEDE00767A22 /* Info.plist */ = {isa = PBXFileReference; lastKnownFileType = text.plist.xml; path = Info.plist; sourceTree = "<group>"; };
		384DE9A41A36CEDE00767A22 /* AppDelegate.h */ = {isa = PBXFileReference; lastKnownFileType = sourcecode.c.h; path = AppDelegate.h; sourceTree = "<group>"; };
		384DE9A51A36CEDF00767A22 /* AppDelegate.m */ = {isa = PBXFileReference; lastKnownFileType = sourcecode.c.objc; path = AppDelegate.m; sourceTree = "<group>"; };
		384DE9A71A36CEDF00767A22 /* main.m */ = {isa = PBXFileReference; lastKnownFileType = sourcecode.c.objc; path = main.m; sourceTree = "<group>"; };
		384DE9A91A36CEDF00767A22 /* Images.xcassets */ = {isa = PBXFileReference; lastKnownFileType = folder.assetcatalog; path = Images.xcassets; sourceTree = "<group>"; };
		384DE9AC1A36CEDF00767A22 /* Base */ = {isa = PBXFileReference; lastKnownFileType = file.xib; name = Base; path = Base.lproj/MainMenu.xib; sourceTree = "<group>"; };
		384DE9B21A36CEDF00767A22 /* ProtoXRemoteTests.xctest */ = {isa = PBXFileReference; explicitFileType = wrapper.cfbundle; includeInIndex = 0; path = ProtoXRemoteTests.xctest; sourceTree = BUILT_PRODUCTS_DIR; };
		384DE9B71A36CEDF00767A22 /* Info.plist */ = {isa = PBXFileReference; lastKnownFileType = text.plist.xml; path = Info.plist; sourceTree = "<group>"; };
		384DE9B81A36CEDF00767A22 /* ProtoXRemoteTests.m */ = {isa = PBXFileReference; lastKnownFileType = sourcecode.c.objc; path = ProtoXRemoteTests.m; sourceTree = "<group>"; };
		384DE9C21A36CF0000767A22 /* DBCConnection.h */ = {isa = PBXFileReference; fileEncoding = 4; lastKnownFileType = sourcecode.c.h; path = DBCConnection.h; sourceTree = "<group>"; };
		384DE9C31A36CF0000767A22 /* DBCConnection.m */ = {isa = PBXFileReference; fileEncoding = 4; lastKnownFileType = sourcecode.c.objc; path = DBCConnection.m; sourceTree = "<group>"; };
		384DE9C51A36CF0A00767A22 /* DBCMouseView.h */ = {isa = PBXFileReference; fileEncoding = 4; lastKnownFileType = sourcecode.c.h; name = DBCMouseView.h; path = ../DBCMouseView.h; sourceTree = "<group>"; };
		384DE9C61A36CF0A00767A22 /* DBCMouseView.m */ = {isa = PBXFileReference; fileEncoding = 4; lastKnownFileType = sourcecode.c.objc; name = DBCMouseView.m; path = ../DBCMouseView.m; sourceTree = "<group>"; };
/* End PBXFileReference section */

/* Begin PBXFrameworksBuildPhase section */
		384DE99C1A36CEDE00767A22 /* Frameworks */ = {
			isa = PBXFrameworksBuildPhase;
			buildActionMask = 2147483647;
			files = (
			);
			runOnlyForDeploymentPostprocessing = 0;
		};
		384DE9AF1A36CEDF00767A22 /* Frameworks */ = {
			isa = PBXFrameworksBuildPhase;
			buildActionMask = 2147483647;
			files = (
			);
			runOnlyForDeploymentPostprocessing = 0;
		};
/* End PBXFrameworksBuildPhase section */

/* Begin PBXGroup section */
		384DE9961A36CEDE00767A22 = {
			isa = PBXGroup;
			children = (
				384DE9A11A36CEDE00767A22 /* ProtoXRemote */,
				384DE9B51A36CEDF00767A22 /* ProtoXRemoteTests */,
				384DE9A01A36CEDE00767A22 /* Products */,
			);
			sourceTree = "<group>";
		};
		384DE9A01A36CEDE00767A22 /* Products */ = {
			isa = PBXGroup;
			children = (
				384DE99F1A36CEDE00767A22 /* ProtoXRemote.app */,
				384DE9B21A36CEDF00767A22 /* ProtoXRemoteTests.xctest */,
			);
			name = Products;
			sourceTree = "<group>";
		};
		384DE9A11A36CEDE00767A22 /* ProtoXRemote */ = {
			isa = PBXGroup;
			children = (
				384DE9A41A36CEDE00767A22 /* AppDelegate.h */,
				384DE9A51A36CEDF00767A22 /* AppDelegate.m */,
				384DE9C51A36CF0A00767A22 /* DBCMouseView.h */,
				384DE9C61A36CF0A00767A22 /* DBCMouseView.m */,
				384DE9C21A36CF0000767A22 /* DBCConnection.h */,
				384DE9C31A36CF0000767A22 /* DBCConnection.m */,
				384DE9A91A36CEDF00767A22 /* Images.xcassets */,
				384DE9AB1A36CEDF00767A22 /* MainMenu.xib */,
				384DE9A21A36CEDE00767A22 /* Supporting Files */,
			);
			path = ProtoXRemote;
			sourceTree = "<group>";
		};
		384DE9A21A36CEDE00767A22 /* Supporting Files */ = {
			isa = PBXGroup;
			children = (
				384DE9A31A36CEDE00767A22 /* Info.plist */,
				384DE9A71A36CEDF00767A22 /* main.m */,
			);
			name = "Supporting Files";
			sourceTree = "<group>";
		};
		384DE9B51A36CEDF00767A22 /* ProtoXRemoteTests */ = {
			isa = PBXGroup;
			children = (
				384DE9B81A36CEDF00767A22 /* ProtoXRemoteTests.m */,
				384DE9B61A36CEDF00767A22 /* Supporting Files */,
			);
			path = ProtoXRemoteTests;
			sourceTree = "<group>";
		};
		384DE9B61A36CEDF00767A22 /* Supporting Files */ = {
			isa = PBXGroup;
			children = (
				384DE9B71A36CEDF00767A22 /* Info.plist */,
			);
			name = "Supporting Files";
			sourceTree = "<group>";
		};
/* End PBXGroup section */

/* Begin PBXNativeTarget section */
		384DE99E1A36CEDE00767A22 /* ProtoXRemote */ = {
			isa = PBXNativeTarget;
			buildConfigurationList = 384DE9BC1A36CEDF00767A22 /* Build configuration list for PBXNativeTarget "ProtoXRemote" */;
			buildPhases = (
				384DE99B1A36CEDE00767A22 /* Sources */,
				384DE99C1A36CEDE00767A22 /* Frameworks */,
				384DE99D1A36CEDE00767A22 /* Resources */,
			);
			buildRules = (
			);
			dependencies = (
			);
			name = ProtoXRemote;
			productName = ProtoXRemote;
			productReference = 384DE99F1A36CEDE00767A22 /* ProtoXRemote.app */;
			productType = "com.apple.product-type.application";
		};
		384DE9B11A36CEDF00767A22 /* ProtoXRemoteTests */ = {
			isa = PBXNativeTarget;
			buildConfigurationList = 384DE9BF1A36CEDF00767A22 /* Build configuration list for PBXNativeTarget "ProtoXRemoteTests" */;
			buildPhases = (
				384DE9AE1A36CEDF00767A22 /* Sources */,
				384DE9AF1A36CEDF00767A22 /* Frameworks */,
				384DE9B01A36CEDF00767A22 /* Resources */,
			);
			buildRules = (
			);
			dependencies = (
				384DE9B41A36CEDF00767A22 /* PBXTargetDependency */,
			);
			name = ProtoXRemoteTests;
			productName = ProtoXRemoteTests;
			productReference = 384DE9B21A36CEDF00767A22 /* ProtoXRemoteTests.xctest */;
			productType = "com.apple.product-type.bundle.unit-test";
		};
/* End PBXNativeTarget section */

/* Begin PBXProject section */
		384DE9971A36CEDE00767A22 /* Project object */ = {
			isa = PBXProject;
			attributes = {
				LastUpgradeCheck = 0610;
				ORGANIZATIONNAME = "Alvaro Prieto";
				TargetAttributes = {
					384DE99E1A36CEDE00767A22 = {
						CreatedOnToolsVersion = 6.1.1;
					};
					384DE9B11A36CEDF00767A22 = {
						CreatedOnToolsVersion = 6.1.1;
						TestTargetID = 384DE99E1A36CEDE00767A22;
					};
				};
			};
			buildConfigurationList = 384DE99A1A36CEDE00767A22 /* Build configuration list for PBXProject "ProtoXRemote" */;
			compatibilityVersion = "Xcode 3.2";
			developmentRegion = English;
			hasScannedForEncodings = 0;
			knownRegions = (
				en,
				Base,
			);
			mainGroup = 384DE9961A36CEDE00767A22;
			productRefGroup = 384DE9A01A36CEDE00767A22 /* Products */;
			projectDirPath = "";
			projectRoot = "";
			targets = (
				384DE99E1A36CEDE00767A22 /* ProtoXRemote */,
				384DE9B11A36CEDF00767A22 /* ProtoXRemoteTests */,
			);
		};
/* End PBXProject section */

/* Begin PBXResourcesBuildPhase section */
		384DE99D1A36CEDE00767A22 /* Resources */ = {
			isa = PBXResourcesBuildPhase;
			buildActionMask = 2147483647;
			files = (
				384DE9AA1A36CEDF00767A22 /* Images.xcassets in Resources */,
				384DE9AD1A36CEDF00767A22 /* MainMenu.xib in Resources */,
			);
			runOnlyForDeploymentPostprocessing = 0;
		};
		384DE9B01A36CEDF00767A22 /* Resources */ = {
			isa = PBXResourcesBuildPhase;
			buildActionMask = 2147483647;
			files = (
			);
			runOnlyForDeploymentPostprocessing = 0;
		};
/* End PBXResourcesBuildPhase section */

/* Begin PBXSourcesBuildPhase section */
		384DE99B1A36CEDE00767A22 /* Sources */ = {
			isa = PBXSourcesBuildPhase;
			buildActionMask = 2147483647;
			files = (
				384DE9A81A36CEDF00767A22 /* main.m in Sources */,
				384DE9C41A36CF0000767A22 /* DBCConnection.m in Sources */,
				384DE9C71A36CF0A00767A22 /* DBCMouseView.m in Sources */,
				384DE9A61A36CEDF00767A22 /* AppDelegate.m in Sources */,
			);
			runOnlyForDeploymentPostprocessing = 0;
		};
		384DE9AE1A36CEDF00767A22 /* Sources */ = {
			isa = PBXSourcesBuildPhase;
			buildActionMask = 2147483647;
			files = (
				384DE9B91A36CEDF00767A22 /* ProtoXRemoteTests.m in Sources */,
			);
			runOnlyForDeploymentPostprocessing = 0;
		};
/* End PBXSourcesBuildPhase section */

/* Begin PBXTargetDependency section */
		384DE9B41A36CEDF00767A22 /* PBXTargetDependency */ = {
			isa = PBXTargetDependency;
			target = 384DE99E1A36CEDE00767A22 /* ProtoXRemote */;
			targetProxy = 384DE9B31A36CEDF00767A22 /* PBXContainerItemProxy */;
		};
/* End PBXTargetDependency section */

/* Begin PBXVariantGroup section */
		384DE9AB1A36CEDF00767A22 /* MainMenu.xib */ = {
			isa = PBXVariantGroup;
			children = (
				384DE9AC1A36CEDF00767A22 /* Base */,
			);
			name = MainMenu.xib;
			sourceTree = "<group>";
		};
/* End PBXVariantGroup section */

/* Begin XCBuildConfiguration section */
		384DE9BA1A36CEDF00767A22 /* Debug */ = {
			isa = XCBuildConfiguration;
			buildSettings = {
				ALWAYS_SEARCH_USER_PATHS = NO;
				CLANG_CXX_LANGUAGE_STANDARD = "gnu++0x";
				CLANG_CXX_LIBRARY = "libc++";
				CLANG_ENABLE_MODULES = YES;
				CLANG_ENABLE_OBJC_ARC = YES;
				CLANG_WARN_BOOL_CONVERSION = YES;
				CLANG_WARN_CONSTANT_CONVERSION = YES;
				CLANG_WARN_DIRECT_OBJC_ISA_USAGE = YES_ERROR;
				CLANG_WARN_EMPTY_BODY = YES;
				CLANG_WARN_ENUM_CONVERSION = YES;
				CLANG_WARN_INT_CONVERSION = YES;
				CLANG_WARN_OBJC_ROOT_CLASS = YES_ERROR;
				CLANG_WARN_UNREACHABLE_CODE = YES;
				CLANG_WARN__DUPLICATE_METHOD_MATCH = YES;
				CODE_SIGN_IDENTITY = "-";
				COPY_PHASE_STRIP = NO;
				ENABLE_STRICT_OBJC_MSGSEND = YES;
				GCC_C_LANGUAGE_STANDARD = gnu99;
				GCC_DYNAMIC_NO_PIC = NO;
				GCC_OPTIMIZATION_LEVEL = 0;
				GCC_PREPROCESSOR_DEFINITIONS = (
					"DEBUG=1",
					"$(inherited)",
				);
				GCC_SYMBOLS_PRIVATE_EXTERN = NO;
				GCC_WARN_64_TO_32_BIT_CONVERSION = YES;
				GCC_WARN_ABOUT_RETURN_TYPE = YES_ERROR;
				GCC_WARN_UNDECLARED_SELECTOR = YES;
				GCC_WARN_UNINITIALIZED_AUTOS = YES_AGGRESSIVE;
				GCC_WARN_UNUSED_FUNCTION = YES;
				GCC_WARN_UNUSED_VARIABLE = YES;
				MACOSX_DEPLOYMENT_TARGET = 10.10;
				MTL_ENABLE_DEBUG_INFO = YES;
				ONLY_ACTIVE_ARCH = YES;
				SDKROOT = macosx;
			};
			name = Debug;
		};
		384DE9BB1A36CEDF00767A22 /* Release */ = {
			isa = XCBuildConfiguration;
			buildSettings = {
				ALWAYS_SEARCH_USER_PATHS = NO;
				CLANG_CXX_LANGUAGE_STANDARD = "gnu++0x";
				CLANG_CXX_LIBRARY = "libc++";
				CLANG_ENABLE_MODULES = YES;
				CLANG_ENABLE_OBJC_ARC = YES;
				CLANG_WARN_BOOL_CONVERSION = YES;
				CLANG_WARN_CONSTANT_CONVERSION = YES;
				CLANG_WARN_DIRECT_OBJC_ISA_USAGE = YES_ERROR;
				CLANG_WARN_EMPTY_BODY = YES;
				CLANG_WARN_ENUM_CONVERSION = YES;
				CLANG_WARN_INT_CONVERSION = YES;
				CLANG_WARN_OBJC_ROOT_CLASS = YES_ERROR;
				CLANG_WARN_UNREACHABLE_CODE = YES;
				CLANG_WARN__DUPLICATE_METHOD_MATCH = YES;
				CODE_SIGN_IDENTITY = "-";
				COPY_PHASE_STRIP = YES;
				DEBUG_INFORMATION_FORMAT = "dwarf-with-dsym";
				ENABLE_NS_ASSERTIONS = NO;
				ENABLE_STRICT_OBJC_MSGSEND = YES;
				GCC_C_LANGUAGE_STANDARD = gnu99;
				GCC_WARN_64_TO_32_BIT_CONVERSION = YES;
				GCC_WARN_ABOUT_RETURN_TYPE = YES_ERROR;
				GCC_WARN_UNDECLARED_SELECTOR = YES;
				GCC_WARN_UNINITIALIZED_AUTOS = YES_AGGRESSIVE;
				GCC_WARN_UNUSED_FUNCTION = YES;
				GCC_WARN_UNUSED_VARIABLE = YES;
				MACOSX_DEPLOYMENT_TARGET = 10.10;
				MTL_ENABLE_DEBUG_INFO = NO;
				SDKROOT = macosx;
			};
			name = Release;
		};
		384DE9BD1A36CEDF00767A22 /* Debug */ = {
			isa = XCBuildConfiguration;
			buildSettings = {
				ASSETCATALOG_COMPILER_APPICON_NAME = AppIcon;
				COMBINE_HIDPI_IMAGES = YES;
				INFOPLIST_FILE = ProtoXRemote/Info.plist;
				LD_RUNPATH_SEARCH_PATHS = "$(inherited) @executable_path/../Frameworks";
				PRODUCT_NAME = "$(TARGET_NAME)";
			};
			name = Debug;
		};
		384DE9BE1A36CEDF00767A22 /* Release */ = {
			isa = XCBuildConfiguration;
			buildSettings = {
				ASSETCATALOG_COMPILER_APPICON_NAME = AppIcon;
				COMBINE_HIDPI_IMAGES = YES;
				INFOPLIST_FILE = ProtoXRemote/Info.plist;
				LD_RUNPATH_SEARCH_PATHS = "$(inherited) @executable_path/../Frameworks";
				PRODUCT_NAME = "$(TARGET_NAME)";
			};
			name = Release;
		};
		384DE9C01A36CEDF00767A22 /* Debug */ = {
			isa = XCBuildConfiguration;
			buildSettings = {
				BUNDLE_LOADER = "$(TEST_HOST)";
				COMBINE_HIDPI_IMAGES = YES;
				FRAMEWORK_SEARCH_PATHS = (
					"$(DEVELOPER_FRAMEWORKS_DIR)",
					"$(inherited)",
				);
				GCC_PREPROCESSOR_DEFINITIONS = (
					"DEBUG=1",
					"$(inherited)",
				);
				INFOPLIST_FILE = ProtoXRemoteTests/Info.plist;
				LD_RUNPATH_SEARCH_PATHS = "$(inherited) @executable_path/../Frameworks @loader_path/../Frameworks";
				PRODUCT_NAME = "$(TARGET_NAME)";
				TEST_HOST = "$(BUILT_PRODUCTS_DIR)/ProtoXRemote.app/Contents/MacOS/ProtoXRemote";
			};
			name = Debug;
		};
		384DE9C11A36CEDF00767A22 /* Release */ = {
			isa = XCBuildConfiguration;
			buildSettings = {
				BUNDLE_LOADER = "$(TEST_HOST)";
				COMBINE_HIDPI_IMAGES = YES;
				FRAMEWORK_SEARCH_PATHS = (
					"$(DEVELOPER_FRAMEWORKS_DIR)",
					"$(inherited)",
				);
				INFOPLIST_FILE = ProtoXRemoteTests/Info.plist;
				LD_RUNPATH_SEARCH_PATHS = "$(inherited) @executable_path/../Frameworks @loader_path/../Frameworks";
				PRODUCT_NAME = "$(TARGET_NAME)";
				TEST_HOST = "$(BUILT_PRODUCTS_DIR)/ProtoXRemote.app/Contents/MacOS/ProtoXRemote";
			};
			name = Release;
		};
/* End XCBuildConfiguration section */

/* Begin XCConfigurationList section */
		384DE99A1A36CEDE00767A22 /* Build configuration list for PBXProject "ProtoXRemote" */ = {
			isa = XCConfigurationList;
			buildConfigurations = (
				384DE9BA1A36CEDF00767A22 /* Debug */,
				384DE9BB1A36CEDF00767A22 /* Release */,
			);
			defaultConfigurationIsVisible = 0;
			defaultConfigurationName = Release;
		};
		384DE9BC1A36CEDF00767A22 /* Build configuration list for PBXNativeTarget "ProtoXRemote" */ = {
			isa = XCConfigurationList;
			buildConfigurations = (
				384DE9BD1A36CEDF00767A22 /* Debug */,
				384DE9BE1A36CEDF00767A22 /* Release */,
			);
			defaultConfigurationIsVisible = 0;
		};
		384DE9BF1A36CEDF00767A22 /* Build configuration list for PBXNativeTarget "ProtoXRemoteTests" */ = {
			isa = XCConfigurationList;
			buildConfigurations = (
				384DE9C01A36CEDF00767A22 /* Debug */,
				384DE9C11A36CEDF00767A22 /* Release */,
			);
			defaultConfigurationIsVisible = 0;
		};
/* End XCConfigurationList section */
	};
	rootObject = 384DE9971A36CEDE00767A22 /* Project object */;
}
